
Microsoft Visual Studio Solution File, Format Version 12.00
# Visual Studio Version 16
VisualStudioVersion = 16.0.33423.256
MinimumVisualStudioVersion = 10.0.40219.1
Project("{FAE04EC0-301F-11D3-BF4B-00C04F79EFBC}") = "Desktop_AplikasiPOS", "Desktop_AplikasiPOS.csproj", "{EDF8306D-24F8-42C1-A9A7-B6791EFCFD3C}"
EndProject
Global
	GlobalSection(SolutionConfigurationPlatforms) = preSolution
		Debug|Any CPU = Debug|Any CPU
		Release|Any CPU = Release|Any CPU
	EndGlobalSection
	GlobalSection(ProjectConfigurationPlatforms) = postSolution
		{EDF8306D-24F8-42C1-A9A7-B6791EFCFD3C}.Debug|Any CPU.ActiveCfg = Debug|Any CPU
		{EDF8306D-24F8-42C1-A9A7-B6791EFCFD3C}.Debug|Any CPU.Build.0 = Debug|Any CPU
		{EDF8306D-24F8-42C1-A9A7-B6791EFCFD3C}.Release|Any CPU.ActiveCfg = Release|Any CPU
		{EDF8306D-24F8-42C1-A9A7-B6791EFCFD3C}.Release|Any CPU.Build.0 = Release|Any CPU
	EndGlobalSection
	GlobalSection(SolutionProperties) = preSolution
		HideSolutionNode = FALSE
	EndGlobalSection
	GlobalSection(ExtensibilityGlobals) = postSolution
		SolutionGuid = {1516B103-E534-47DD-9F4D-A1035140AD7A}
	EndGlobalSection
EndGlobal
